
Microsoft Visual Studio Solution File, Format Version 12.00
# Visual Studio 15
VisualStudioVersion = 15.0.28306.52
MinimumVisualStudioVersion = 10.0.40219.1
Project("{FAE04EC0-301F-11D3-BF4B-00C04F79EFBC}") = "FirstMvcApp", "FirstMvcApp\FirstMvcApp.csproj", "{B5565747-7452-4D55-8592-B75B98167129}"
EndProject
Global
	GlobalSection(SolutionConfigurationPlatforms) = preSolution
		Debug|Any CPU = Debug|Any CPU
		Release|Any CPU = Release|Any CPU
	EndGlobalSection
	GlobalSection(ProjectConfigurationPlatforms) = postSolution
		{B5565747-7452-4D55-8592-B75B98167129}.Debug|Any CPU.ActiveCfg = Debug|Any CPU
		{B5565747-7452-4D55-8592-B75B98167129}.Debug|Any CPU.Build.0 = Debug|Any CPU
		{B5565747-7452-4D55-8592-B75B98167129}.Release|Any CPU.ActiveCfg = Release|Any CPU
		{B5565747-7452-4D55-8592-B75B98167129}.Release|Any CPU.Build.0 = Release|Any CPU
	EndGlobalSection
	GlobalSection(SolutionProperties) = preSolution
		HideSolutionNode = FALSE
	EndGlobalSection
	GlobalSection(ExtensibilityGlobals) = postSolution
		SolutionGuid = {FEB04085-B9BB-483A-9D64-549445592352}
	EndGlobalSection
EndGlobal
